
Microsoft Visual Studio Solution File, Format Version 12.00
# Visual Studio 14
VisualStudioVersion = 14.0.25420.1
MinimumVisualStudioVersion = 10.0.40219.1
Project("{8BC9CEB8-8B4A-11D0-8D11-00A0C91BC942}") = "Example", "Example\Example.vcxproj", "{5D941C03-F3FD-4A82-BA25-51A149D26F94}"
EndProject
Project("{8BC9CEB8-8B4A-11D0-8D11-00A0C91BC942}") = "Framework", "Framework\Framework.vcxproj", "{19CDC3BF-8272-498C-AC7F-59A78921DC2F}"
EndProject
Project("{8BC9CEB8-8B4A-11D0-8D11-00A0C91BC942}") = "MultiDraw", "MultiDraw\MultiDraw.vcxproj", "{27CD0515-4754-4151-81EB-A14D088BF187}"
EndProject
Project("{8BC9CEB8-8B4A-11D0-8D11-00A0C91BC942}") = "Instancing", "Instancing\Instancing.vcxproj", "{83DF049F-C4AD-40A5-A8C3-E199895BEB96}"
EndProject
Project("{8BC9CEB8-8B4A-11D0-8D11-00A0C91BC942}") = "IndirectDrawing", "IndirectDrawing\IndirectDrawing.vcxproj", "{7E726E2C-2E6A-4BE9-B20D-36C063302633}"
EndProject
Project("{8BC9CEB8-8B4A-11D0-8D11-00A0C91BC942}") = "IndirectDrawingSimple", "IndirectDrawingSimple\IndirectDrawingSimple.vcxproj", "{4EE7AE22-0D29-4B60-B32E-FC592317F695}"
EndProject
Project("{8BC9CEB8-8B4A-11D0-8D11-00A0C91BC942}") = "TextureArray", "TextureArray\TextureArray.vcxproj", "{D25864A1-1D0A-4D31-A7B3-262692139611}"
EndProject
Project("{8BC9CEB8-8B4A-11D0-8D11-00A0C91BC942}") = "BindlessTexture", "BindlessTexture\BindlessTexture.vcxproj", "{4B49088E-9767-4E6B-826E-3136D310D026}"
EndProject
Project("{8BC9CEB8-8B4A-11D0-8D11-00A0C91BC942}") = "ImageLoadStore", "ImageLoadStore\ImageLoadStore.vcxproj", "{45998DE6-E4C6-47A2-B4F5-E75F02E35C37}"
EndProject
Project("{8BC9CEB8-8B4A-11D0-8D11-00A0C91BC942}") = "TransformFeedback", "TransformFeedback\TransformFeedback.vcxproj", "{6B1FAEB8-D49D-4EA1-829B-01670BE27327}"
EndProject
Project("{8BC9CEB8-8B4A-11D0-8D11-00A0C91BC942}") = "GeometryShader", "GeometryShader\GeometryShader.vcxproj", "{F4901B12-C789-4D15-B8A7-DB963132737E}"
EndProject
Project("{8BC9CEB8-8B4A-11D0-8D11-00A0C91BC942}") = "Tessellation", "Tessellation\Tessellation.vcxproj", "{497C1E1C-7112-4FE3-AC38-FA00B2660D87}"
EndProject
Project("{8BC9CEB8-8B4A-11D0-8D11-00A0C91BC942}") = "VertexPulling", "VertexPulling\VertexPulling.vcxproj", "{764FDE4F-8501-4A03-B995-16B2F8D11525}"
EndProject
Project("{8BC9CEB8-8B4A-11D0-8D11-00A0C91BC942}") = "DSA", "DSA\DSA.vcxproj", "{D1D6FAA4-6EA8-4779-856C-D5AB17076815}"
EndProject
Global
	GlobalSection(SolutionConfigurationPlatforms) = preSolution
		Debug|x64 = Debug|x64
		Debug|x86 = Debug|x86
		Release|x64 = Release|x64
		Release|x86 = Release|x86
	EndGlobalSection
	GlobalSection(ProjectConfigurationPlatforms) = postSolution
		{5D941C03-F3FD-4A82-BA25-51A149D26F94}.Debug|x64.ActiveCfg = Debug|x64
		{5D941C03-F3FD-4A82-BA25-51A149D26F94}.Debug|x64.Build.0 = Debug|x64
		{5D941C03-F3FD-4A82-BA25-51A149D26F94}.Debug|x86.ActiveCfg = Debug|Win32
		{5D941C03-F3FD-4A82-BA25-51A149D26F94}.Debug|x86.Build.0 = Debug|Win32
		{5D941C03-F3FD-4A82-BA25-51A149D26F94}.Release|x64.ActiveCfg = Release|x64
		{5D941C03-F3FD-4A82-BA25-51A149D26F94}.Release|x64.Build.0 = Release|x64
		{5D941C03-F3FD-4A82-BA25-51A149D26F94}.Release|x86.ActiveCfg = Release|Win32
		{5D941C03-F3FD-4A82-BA25-51A149D26F94}.Release|x86.Build.0 = Release|Win32
		{19CDC3BF-8272-498C-AC7F-59A78921DC2F}.Debug|x64.ActiveCfg = Debug|x64
		{19CDC3BF-8272-498C-AC7F-59A78921DC2F}.Debug|x64.Build.0 = Debug|x64
		{19CDC3BF-8272-498C-AC7F-59A78921DC2F}.Debug|x86.ActiveCfg = Debug|Win32
		{19CDC3BF-8272-498C-AC7F-59A78921DC2F}.Debug|x86.Build.0 = Debug|Win32
		{19CDC3BF-8272-498C-AC7F-59A78921DC2F}.Release|x64.ActiveCfg = Release|x64
		{19CDC3BF-8272-498C-AC7F-59A78921DC2F}.Release|x64.Build.0 = Release|x64
		{19CDC3BF-8272-498C-AC7F-59A78921DC2F}.Release|x86.ActiveCfg = Release|Win32
		{19CDC3BF-8272-498C-AC7F-59A78921DC2F}.Release|x86.Build.0 = Release|Win32
		{27CD0515-4754-4151-81EB-A14D088BF187}.Debug|x64.ActiveCfg = Debug|x64
		{27CD0515-4754-4151-81EB-A14D088BF187}.Debug|x64.Build.0 = Debug|x64
		{27CD0515-4754-4151-81EB-A14D088BF187}.Debug|x86.ActiveCfg = Debug|Win32
		{27CD0515-4754-4151-81EB-A14D088BF187}.Debug|x86.Build.0 = Debug|Win32
		{27CD0515-4754-4151-81EB-A14D088BF187}.Release|x64.ActiveCfg = Release|x64
		{27CD0515-4754-4151-81EB-A14D088BF187}.Release|x64.Build.0 = Release|x64
		{27CD0515-4754-4151-81EB-A14D088BF187}.Release|x86.ActiveCfg = Release|Win32
		{27CD0515-4754-4151-81EB-A14D088BF187}.Release|x86.Build.0 = Release|Win32
		{83DF049F-C4AD-40A5-A8C3-E199895BEB96}.Debug|x64.ActiveCfg = Debug|x64
		{83DF049F-C4AD-40A5-A8C3-E199895BEB96}.Debug|x64.Build.0 = Debug|x64
		{83DF049F-C4AD-40A5-A8C3-E199895BEB96}.Debug|x86.ActiveCfg = Debug|Win32
		{83DF049F-C4AD-40A5-A8C3-E199895BEB96}.Debug|x86.Build.0 = Debug|Win32
		{83DF049F-C4AD-40A5-A8C3-E199895BEB96}.Release|x64.ActiveCfg = Release|x64
		{83DF049F-C4AD-40A5-A8C3-E199895BEB96}.Release|x64.Build.0 = Release|x64
		{83DF049F-C4AD-40A5-A8C3-E199895BEB96}.Release|x86.ActiveCfg = Release|Win32
		{83DF049F-C4AD-40A5-A8C3-E199895BEB96}.Release|x86.Build.0 = Release|Win32
		{7E726E2C-2E6A-4BE9-B20D-36C063302633}.Debug|x64.ActiveCfg = Debug|x64
		{7E726E2C-2E6A-4BE9-B20D-36C063302633}.Debug|x64.Build.0 = Debug|x64
		{7E726E2C-2E6A-4BE9-B20D-36C063302633}.Debug|x86.ActiveCfg = Debug|Win32
		{7E726E2C-2E6A-4BE9-B20D-36C063302633}.Debug|x86.Build.0 = Debug|Win32
		{7E726E2C-2E6A-4BE9-B20D-36C063302633}.Release|x64.ActiveCfg = Release|x64
		{7E726E2C-2E6A-4BE9-B20D-36C063302633}.Release|x64.Build.0 = Release|x64
		{7E726E2C-2E6A-4BE9-B20D-36C063302633}.Release|x86.ActiveCfg = Release|Win32
		{7E726E2C-2E6A-4BE9-B20D-36C063302633}.Release|x86.Build.0 = Release|Win32
		{4EE7AE22-0D29-4B60-B32E-FC592317F695}.Debug|x64.ActiveCfg = Debug|x64
		{4EE7AE22-0D29-4B60-B32E-FC592317F695}.Debug|x64.Build.0 = Debug|x64
		{4EE7AE22-0D29-4B60-B32E-FC592317F695}.Debug|x86.ActiveCfg = Debug|Win32
		{4EE7AE22-0D29-4B60-B32E-FC592317F695}.Debug|x86.Build.0 = Debug|Win32
		{4EE7AE22-0D29-4B60-B32E-FC592317F695}.Release|x64.ActiveCfg = Release|x64
		{4EE7AE22-0D29-4B60-B32E-FC592317F695}.Release|x64.Build.0 = Release|x64
		{4EE7AE22-0D29-4B60-B32E-FC592317F695}.Release|x86.ActiveCfg = Release|Win32
		{4EE7AE22-0D29-4B60-B32E-FC592317F695}.Release|x86.Build.0 = Release|Win32
		{D25864A1-1D0A-4D31-A7B3-262692139611}.Debug|x64.ActiveCfg = Debug|x64
		{D25864A1-1D0A-4D31-A7B3-262692139611}.Debug|x64.Build.0 = Debug|x64
		{D25864A1-1D0A-4D31-A7B3-262692139611}.Debug|x86.ActiveCfg = Debug|Win32
		{D25864A1-1D0A-4D31-A7B3-262692139611}.Debug|x86.Build.0 = Debug|Win32
		{D25864A1-1D0A-4D31-A7B3-262692139611}.Release|x64.ActiveCfg = Release|x64
		{D25864A1-1D0A-4D31-A7B3-262692139611}.Release|x64.Build.0 = Release|x64
		{D25864A1-1D0A-4D31-A7B3-262692139611}.Release|x86.ActiveCfg = Release|Win32
		{D25864A1-1D0A-4D31-A7B3-262692139611}.Release|x86.Build.0 = Release|Win32
		{4B49088E-9767-4E6B-826E-3136D310D026}.Debug|x64.ActiveCfg = Debug|x64
		{4B49088E-9767-4E6B-826E-3136D310D026}.Debug|x64.Build.0 = Debug|x64
		{4B49088E-9767-4E6B-826E-3136D310D026}.Debug|x86.ActiveCfg = Debug|Win32
		{4B49088E-9767-4E6B-826E-3136D310D026}.Debug|x86.Build.0 = Debug|Win32
		{4B49088E-9767-4E6B-826E-3136D310D026}.Release|x64.ActiveCfg = Release|x64
		{4B49088E-9767-4E6B-826E-3136D310D026}.Release|x64.Build.0 = Release|x64
		{4B49088E-9767-4E6B-826E-3136D310D026}.Release|x86.ActiveCfg = Release|Win32
		{4B49088E-9767-4E6B-826E-3136D310D026}.Release|x86.Build.0 = Release|Win32
		{45998DE6-E4C6-47A2-B4F5-E75F02E35C37}.Debug|x64.ActiveCfg = Debug|x64
		{45998DE6-E4C6-47A2-B4F5-E75F02E35C37}.Debug|x64.Build.0 = Debug|x64
		{45998DE6-E4C6-47A2-B4F5-E75F02E35C37}.Debug|x86.ActiveCfg = Debug|Win32
		{45998DE6-E4C6-47A2-B4F5-E75F02E35C37}.Debug|x86.Build.0 = Debug|Win32
		{45998DE6-E4C6-47A2-B4F5-E75F02E35C37}.Release|x64.ActiveCfg = Release|x64
		{45998DE6-E4C6-47A2-B4F5-E75F02E35C37}.Release|x64.Build.0 = Release|x64
		{45998DE6-E4C6-47A2-B4F5-E75F02E35C37}.Release|x86.ActiveCfg = Release|Win32
		{45998DE6-E4C6-47A2-B4F5-E75F02E35C37}.Release|x86.Build.0 = Release|Win32
		{6B1FAEB8-D49D-4EA1-829B-01670BE27327}.Debug|x64.ActiveCfg = Debug|x64
		{6B1FAEB8-D49D-4EA1-829B-01670BE27327}.Debug|x64.Build.0 = Debug|x64
		{6B1FAEB8-D49D-4EA1-829B-01670BE27327}.Debug|x86.ActiveCfg = Debug|Win32
		{6B1FAEB8-D49D-4EA1-829B-01670BE27327}.Debug|x86.Build.0 = Debug|Win32
		{6B1FAEB8-D49D-4EA1-829B-01670BE27327}.Release|x64.ActiveCfg = Release|x64
		{6B1FAEB8-D49D-4EA1-829B-01670BE27327}.Release|x64.Build.0 = Release|x64
		{6B1FAEB8-D49D-4EA1-829B-01670BE27327}.Release|x86.ActiveCfg = Release|Win32
		{6B1FAEB8-D49D-4EA1-829B-01670BE27327}.Release|x86.Build.0 = Release|Win32
		{F4901B12-C789-4D15-B8A7-DB963132737E}.Debug|x64.ActiveCfg = Debug|x64
		{F4901B12-C789-4D15-B8A7-DB963132737E}.Debug|x64.Build.0 = Debug|x64
		{F4901B12-C789-4D15-B8A7-DB963132737E}.Debug|x86.ActiveCfg = Debug|Win32
		{F4901B12-C789-4D15-B8A7-DB963132737E}.Debug|x86.Build.0 = Debug|Win32
		{F4901B12-C789-4D15-B8A7-DB963132737E}.Release|x64.ActiveCfg = Release|x64
		{F4901B12-C789-4D15-B8A7-DB963132737E}.Release|x64.Build.0 = Release|x64
		{F4901B12-C789-4D15-B8A7-DB963132737E}.Release|x86.ActiveCfg = Release|Win32
		{F4901B12-C789-4D15-B8A7-DB963132737E}.Release|x86.Build.0 = Release|Win32
		{497C1E1C-7112-4FE3-AC38-FA00B2660D87}.Debug|x64.ActiveCfg = Debug|x64
		{497C1E1C-7112-4FE3-AC38-FA00B2660D87}.Debug|x64.Build.0 = Debug|x64
		{497C1E1C-7112-4FE3-AC38-FA00B2660D87}.Debug|x86.ActiveCfg = Debug|Win32
		{497C1E1C-7112-4FE3-AC38-FA00B2660D87}.Debug|x86.Build.0 = Debug|Win32
		{497C1E1C-7112-4FE3-AC38-FA00B2660D87}.Release|x64.ActiveCfg = Release|x64
		{497C1E1C-7112-4FE3-AC38-FA00B2660D87}.Release|x64.Build.0 = Release|x64
		{497C1E1C-7112-4FE3-AC38-FA00B2660D87}.Release|x86.ActiveCfg = Release|Win32
		{497C1E1C-7112-4FE3-AC38-FA00B2660D87}.Release|x86.Build.0 = Release|Win32
		{764FDE4F-8501-4A03-B995-16B2F8D11525}.Debug|x64.ActiveCfg = Debug|x64
		{764FDE4F-8501-4A03-B995-16B2F8D11525}.Debug|x64.Build.0 = Debug|x64
		{764FDE4F-8501-4A03-B995-16B2F8D11525}.Debug|x86.ActiveCfg = Debug|Win32
		{764FDE4F-8501-4A03-B995-16B2F8D11525}.Debug|x86.Build.0 = Debug|Win32
		{764FDE4F-8501-4A03-B995-16B2F8D11525}.Release|x64.ActiveCfg = Release|x64
		{764FDE4F-8501-4A03-B995-16B2F8D11525}.Release|x64.Build.0 = Release|x64
		{764FDE4F-8501-4A03-B995-16B2F8D11525}.Release|x86.ActiveCfg = Release|Win32
		{764FDE4F-8501-4A03-B995-16B2F8D11525}.Release|x86.Build.0 = Release|Win32
		{D1D6FAA4-6EA8-4779-856C-D5AB17076815}.Debug|x64.ActiveCfg = Debug|x64
		{D1D6FAA4-6EA8-4779-856C-D5AB17076815}.Debug|x64.Build.0 = Debug|x64
		{D1D6FAA4-6EA8-4779-856C-D5AB17076815}.Debug|x86.ActiveCfg = Debug|Win32
		{D1D6FAA4-6EA8-4779-856C-D5AB17076815}.Debug|x86.Build.0 = Debug|Win32
		{D1D6FAA4-6EA8-4779-856C-D5AB17076815}.Release|x64.ActiveCfg = Release|x64
		{D1D6FAA4-6EA8-4779-856C-D5AB17076815}.Release|x64.Build.0 = Release|x64
		{D1D6FAA4-6EA8-4779-856C-D5AB17076815}.Release|x86.ActiveCfg = Release|Win32
		{D1D6FAA4-6EA8-4779-856C-D5AB17076815}.Release|x86.Build.0 = Release|Win32
	EndGlobalSection
	GlobalSection(SolutionProperties) = preSolution
		HideSolutionNode = FALSE
	EndGlobalSection
EndGlobal
