
Microsoft Visual Studio Solution File, Format Version 12.00
# Visual Studio 14
VisualStudioVersion = 14.0.25420.1
MinimumVisualStudioVersion = 10.0.40219.1
Project("{8BC9CEB8-8B4A-11D0-8D11-00A0C91BC942}") = "Example", "Example\Example.vcxproj", "{5D941C03-F3FD-4A82-BA25-51A149D26F94}"
EndProject
Project("{8BC9CEB8-8B4A-11D0-8D11-00A0C91BC942}") = "Framework", "Framework\Framework.vcxproj", "{19CDC3BF-8272-498C-AC7F-59A78921DC2F}"
EndProject
Project("{8BC9CEB8-8B4A-11D0-8D11-00A0C91BC942}") = "MultiDraw", "MultiDraw\MultiDraw.vcxproj", "{27CD0515-4754-4151-81EB-A14D088BF187}"
EndProject
Project("{8BC9CEB8-8B4A-11D0-8D11-00A0C91BC942}") = "Instancing", "Instancing\Instancing.vcxproj", "{83DF049F-C4AD-40A5-A8C3-E199895BEB96}"
EndProject
Project("{8BC9CEB8-8B4A-11D0-8D11-00A0C91BC942}") = "IndirectDrawing", "IndirectDrawing\IndirectDrawing.vcxproj", "{7E726E2C-2E6A-4BE9-B20D-36C063302633}"
EndProject
Global
	GlobalSection(SolutionConfigurationPlatforms) = preSolution
		Debug|x64 = Debug|x64
		Debug|x86 = Debug|x86
		Release|x64 = Release|x64
		Release|x86 = Release|x86
	EndGlobalSection
	GlobalSection(ProjectConfigurationPlatforms) = postSolution
		{5D941C03-F3FD-4A82-BA25-51A149D26F94}.Debug|x64.ActiveCfg = Debug|x64
		{5D941C03-F3FD-4A82-BA25-51A149D26F94}.Debug|x64.Build.0 = Debug|x64
		{5D941C03-F3FD-4A82-BA25-51A149D26F94}.Debug|x86.ActiveCfg = Debug|Win32
		{5D941C03-F3FD-4A82-BA25-51A149D26F94}.Debug|x86.Build.0 = Debug|Win32
		{5D941C03-F3FD-4A82-BA25-51A149D26F94}.Release|x64.ActiveCfg = Release|x64
		{5D941C03-F3FD-4A82-BA25-51A149D26F94}.Release|x64.Build.0 = Release|x64
		{5D941C03-F3FD-4A82-BA25-51A149D26F94}.Release|x86.ActiveCfg = Release|Win32
		{5D941C03-F3FD-4A82-BA25-51A149D26F94}.Release|x86.Build.0 = Release|Win32
		{19CDC3BF-8272-498C-AC7F-59A78921DC2F}.Debug|x64.ActiveCfg = Debug|x64
		{19CDC3BF-8272-498C-AC7F-59A78921DC2F}.Debug|x64.Build.0 = Debug|x64
		{19CDC3BF-8272-498C-AC7F-59A78921DC2F}.Debug|x86.ActiveCfg = Debug|Win32
		{19CDC3BF-8272-498C-AC7F-59A78921DC2F}.Debug|x86.Build.0 = Debug|Win32
		{19CDC3BF-8272-498C-AC7F-59A78921DC2F}.Release|x64.ActiveCfg = Release|x64
		{19CDC3BF-8272-498C-AC7F-59A78921DC2F}.Release|x64.Build.0 = Release|x64
		{19CDC3BF-8272-498C-AC7F-59A78921DC2F}.Release|x86.ActiveCfg = Release|Win32
		{19CDC3BF-8272-498C-AC7F-59A78921DC2F}.Release|x86.Build.0 = Release|Win32
		{27CD0515-4754-4151-81EB-A14D088BF187}.Debug|x64.ActiveCfg = Debug|x64
		{27CD0515-4754-4151-81EB-A14D088BF187}.Debug|x64.Build.0 = Debug|x64
		{27CD0515-4754-4151-81EB-A14D088BF187}.Debug|x86.ActiveCfg = Debug|Win32
		{27CD0515-4754-4151-81EB-A14D088BF187}.Debug|x86.Build.0 = Debug|Win32
		{27CD0515-4754-4151-81EB-A14D088BF187}.Release|x64.ActiveCfg = Release|x64
		{27CD0515-4754-4151-81EB-A14D088BF187}.Release|x64.Build.0 = Release|x64
		{27CD0515-4754-4151-81EB-A14D088BF187}.Release|x86.ActiveCfg = Release|Win32
		{27CD0515-4754-4151-81EB-A14D088BF187}.Release|x86.Build.0 = Release|Win32
		{83DF049F-C4AD-40A5-A8C3-E199895BEB96}.Debug|x64.ActiveCfg = Debug|x64
		{83DF049F-C4AD-40A5-A8C3-E199895BEB96}.Debug|x64.Build.0 = Debug|x64
		{83DF049F-C4AD-40A5-A8C3-E199895BEB96}.Debug|x86.ActiveCfg = Debug|Win32
		{83DF049F-C4AD-40A5-A8C3-E199895BEB96}.Debug|x86.Build.0 = Debug|Win32
		{83DF049F-C4AD-40A5-A8C3-E199895BEB96}.Release|x64.ActiveCfg = Release|x64
		{83DF049F-C4AD-40A5-A8C3-E199895BEB96}.Release|x64.Build.0 = Release|x64
		{83DF049F-C4AD-40A5-A8C3-E199895BEB96}.Release|x86.ActiveCfg = Release|Win32
		{83DF049F-C4AD-40A5-A8C3-E199895BEB96}.Release|x86.Build.0 = Release|Win32
		{7E726E2C-2E6A-4BE9-B20D-36C063302633}.Debug|x64.ActiveCfg = Debug|x64
		{7E726E2C-2E6A-4BE9-B20D-36C063302633}.Debug|x64.Build.0 = Debug|x64
		{7E726E2C-2E6A-4BE9-B20D-36C063302633}.Debug|x86.ActiveCfg = Debug|Win32
		{7E726E2C-2E6A-4BE9-B20D-36C063302633}.Debug|x86.Build.0 = Debug|Win32
		{7E726E2C-2E6A-4BE9-B20D-36C063302633}.Release|x64.ActiveCfg = Release|x64
		{7E726E2C-2E6A-4BE9-B20D-36C063302633}.Release|x64.Build.0 = Release|x64
		{7E726E2C-2E6A-4BE9-B20D-36C063302633}.Release|x86.ActiveCfg = Release|Win32
		{7E726E2C-2E6A-4BE9-B20D-36C063302633}.Release|x86.Build.0 = Release|Win32
	EndGlobalSection
	GlobalSection(SolutionProperties) = preSolution
		HideSolutionNode = FALSE
	EndGlobalSection
EndGlobal
